
Microsoft Visual Studio Solution File, Format Version 12.00
# Visual Studio 14
VisualStudioVersion = 14.0.22609.0
MinimumVisualStudioVersion = 10.0.40219.1
Project("{FAE04EC0-301F-11D3-BF4B-00C04F79EFBC}") = "PhotoGalleryApp", "PhotoGalleryApp\PhotoGalleryApp.csproj", "{DFFD4A5D-CA2B-452A-8E0D-7D588F4081FC}"
EndProject
Global
	GlobalSection(SolutionConfigurationPlatforms) = preSolution
		Debug|Any CPU = Debug|Any CPU
		Release|Any CPU = Release|Any CPU
	EndGlobalSection
	GlobalSection(ProjectConfigurationPlatforms) = postSolution
		{DFFD4A5D-CA2B-452A-8E0D-7D588F4081FC}.Debug|Any CPU.ActiveCfg = Debug|Any CPU
		{DFFD4A5D-CA2B-452A-8E0D-7D588F4081FC}.Debug|Any CPU.Build.0 = Debug|Any CPU
		{DFFD4A5D-CA2B-452A-8E0D-7D588F4081FC}.Release|Any CPU.ActiveCfg = Release|Any CPU
		{DFFD4A5D-CA2B-452A-8E0D-7D588F4081FC}.Release|Any CPU.Build.0 = Release|Any CPU
	EndGlobalSection
	GlobalSection(SolutionProperties) = preSolution
		HideSolutionNode = FALSE
	EndGlobalSection
EndGlobal
